
Microsoft Visual Studio Solution File, Format Version 12.00
# Visual Studio Version 16
VisualStudioVersion = 16.0.32929.386
MinimumVisualStudioVersion = 10.0.40219.1
Project("{9A19103F-16F7-4668-BE54-9A1E7A4F7556}") = "AreaClassLibrary", "AreaClassLibrary\AreaClassLibrary.csproj", "{C45282D0-67C7-4671-B3DE-A84EF6220DB9}"
EndProject
Project("{9A19103F-16F7-4668-BE54-9A1E7A4F7556}") = "ConsoleShow", "ConsoleShow\ConsoleShow.csproj", "{15CE5C2E-0C47-4C98-AB86-A5F7A91955ED}"
EndProject
Project("{FAE04EC0-301F-11D3-BF4B-00C04F79EFBC}") = "AreaClassLibraryTest", "AreaClassLibraryTest\AreaClassLibraryTest.csproj", "{81B2867C-EF0E-459F-98D1-58A431CC91E0}"
EndProject
Global
	GlobalSection(SolutionConfigurationPlatforms) = preSolution
		Debug|Any CPU = Debug|Any CPU
		Release|Any CPU = Release|Any CPU
	EndGlobalSection
	GlobalSection(ProjectConfigurationPlatforms) = postSolution
		{C45282D0-67C7-4671-B3DE-A84EF6220DB9}.Debug|Any CPU.ActiveCfg = Debug|Any CPU
		{C45282D0-67C7-4671-B3DE-A84EF6220DB9}.Debug|Any CPU.Build.0 = Debug|Any CPU
		{C45282D0-67C7-4671-B3DE-A84EF6220DB9}.Release|Any CPU.ActiveCfg = Release|Any CPU
		{C45282D0-67C7-4671-B3DE-A84EF6220DB9}.Release|Any CPU.Build.0 = Release|Any CPU
		{15CE5C2E-0C47-4C98-AB86-A5F7A91955ED}.Debug|Any CPU.ActiveCfg = Debug|Any CPU
		{15CE5C2E-0C47-4C98-AB86-A5F7A91955ED}.Debug|Any CPU.Build.0 = Debug|Any CPU
		{15CE5C2E-0C47-4C98-AB86-A5F7A91955ED}.Release|Any CPU.ActiveCfg = Release|Any CPU
		{15CE5C2E-0C47-4C98-AB86-A5F7A91955ED}.Release|Any CPU.Build.0 = Release|Any CPU
		{81B2867C-EF0E-459F-98D1-58A431CC91E0}.Debug|Any CPU.ActiveCfg = Debug|Any CPU
		{81B2867C-EF0E-459F-98D1-58A431CC91E0}.Debug|Any CPU.Build.0 = Debug|Any CPU
		{81B2867C-EF0E-459F-98D1-58A431CC91E0}.Release|Any CPU.ActiveCfg = Release|Any CPU
		{81B2867C-EF0E-459F-98D1-58A431CC91E0}.Release|Any CPU.Build.0 = Release|Any CPU
	EndGlobalSection
	GlobalSection(SolutionProperties) = preSolution
		HideSolutionNode = FALSE
	EndGlobalSection
	GlobalSection(ExtensibilityGlobals) = postSolution
		SolutionGuid = {B98FADE8-0C0D-47CE-8E3A-174D45C4325F}
	EndGlobalSection
EndGlobal
